
Microsoft Visual Studio Solution File, Format Version 12.00
# Visual Studio Version 17
VisualStudioVersion = 17.5.002.0
MinimumVisualStudioVersion = 10.0.40219.1
Project("{9A19103F-16F7-4668-BE54-9A1E7A4F7556}") = "AMS-Project", "AMS-Project.csproj", "{B5EA2906-1181-40A1-898D-3A3709A9BDDE}"
EndProject
Global
	GlobalSection(SolutionConfigurationPlatforms) = preSolution
		Debug|Any CPU = Debug|Any CPU
		Release|Any CPU = Release|Any CPU
	EndGlobalSection
	GlobalSection(ProjectConfigurationPlatforms) = postSolution
		{B5EA2906-1181-40A1-898D-3A3709A9BDDE}.Debug|Any CPU.ActiveCfg = Debug|Any CPU
		{B5EA2906-1181-40A1-898D-3A3709A9BDDE}.Debug|Any CPU.Build.0 = Debug|Any CPU
		{B5EA2906-1181-40A1-898D-3A3709A9BDDE}.Release|Any CPU.ActiveCfg = Release|Any CPU
		{B5EA2906-1181-40A1-898D-3A3709A9BDDE}.Release|Any CPU.Build.0 = Release|Any CPU
	EndGlobalSection
	GlobalSection(SolutionProperties) = preSolution
		HideSolutionNode = FALSE
	EndGlobalSection
	GlobalSection(ExtensibilityGlobals) = postSolution
		SolutionGuid = {F8DA853E-6F74-420E-A8A0-5614D25E25E5}
	EndGlobalSection
EndGlobal
